# THIS IS AN AUTOGENERATED FILE. DO NOT EDIT THIS FILE DIRECTLY.
# yarn lockfile v1


country-data@^0.0.31:
  version "0.0.31"
  resolved "https://registry.yarnpkg.com/country-data/-/country-data-0.0.31.tgz#80966b8e1d147fa6d6a589d32933f8793774956d"
  dependencies:
    currency-symbol-map "~2"
    underscore ">1.4.4"

currency-symbol-map@~2:
  version "2.2.0"
  resolved "https://registry.yarnpkg.com/currency-symbol-map/-/currency-symbol-map-2.2.0.tgz#2b3c1872ff1ac2ce595d8273e58e1fff0272aea2"

underscore@>1.4.4:
  version "1.8.3"
  resolved "https://registry.yarnpkg.com/underscore/-/underscore-1.8.3.tgz#4f3fb53b106e6097fcf9cb4109f2a5e9bdfa5022"
